
Microsoft Visual Studio Solution File, Format Version 12.00
# Visual Studio 15
VisualStudioVersion = 15.0.28010.2026
MinimumVisualStudioVersion = 10.0.40219.1
Project("{00D1A9C2-B5F0-4AF3-8072-F6C62B433612}") = "Kolokwium_poprawne", "Kolokwium_poprawne\Kolokwium_poprawne.sqlproj", "{F4DA7E95-5AB1-4882-9220-DF22AA08894C}"
EndProject
Global
	GlobalSection(SolutionConfigurationPlatforms) = preSolution
		Debug|Any CPU = Debug|Any CPU
		Release|Any CPU = Release|Any CPU
	EndGlobalSection
	GlobalSection(ProjectConfigurationPlatforms) = postSolution
		{F4DA7E95-5AB1-4882-9220-DF22AA08894C}.Debug|Any CPU.ActiveCfg = Debug|Any CPU
		{F4DA7E95-5AB1-4882-9220-DF22AA08894C}.Debug|Any CPU.Build.0 = Debug|Any CPU
		{F4DA7E95-5AB1-4882-9220-DF22AA08894C}.Debug|Any CPU.Deploy.0 = Debug|Any CPU
		{F4DA7E95-5AB1-4882-9220-DF22AA08894C}.Release|Any CPU.ActiveCfg = Release|Any CPU
		{F4DA7E95-5AB1-4882-9220-DF22AA08894C}.Release|Any CPU.Build.0 = Release|Any CPU
		{F4DA7E95-5AB1-4882-9220-DF22AA08894C}.Release|Any CPU.Deploy.0 = Release|Any CPU
	EndGlobalSection
	GlobalSection(SolutionProperties) = preSolution
		HideSolutionNode = FALSE
	EndGlobalSection
	GlobalSection(ExtensibilityGlobals) = postSolution
		SolutionGuid = {6539C356-A1DB-439B-9DEB-0D14C0879130}
	EndGlobalSection
EndGlobal
